
Microsoft Visual Studio Solution File, Format Version 12.00
# Visual Studio 15
VisualStudioVersion = 15.0.26730.12
MinimumVisualStudioVersion = 10.0.40219.1
Project("{FAE04EC0-301F-11D3-BF4B-00C04F79EFBC}") = "IntroCSharp", "IntroCSharp\IntroCSharp.csproj", "{61DF39C6-7D1A-4ADE-942D-DAC000C548AF}"
EndProject
Project("{FAE04EC0-301F-11D3-BF4B-00C04F79EFBC}") = "ReadWriteConsole", "ReadWriteConsole\ReadWriteConsole.csproj", "{FE6ABDF2-B21C-4CBB-B2EA-15FD722EA586}"
EndProject
Project("{FAE04EC0-301F-11D3-BF4B-00C04F79EFBC}") = "BuiltInTypes", "BuiltInTypes\BuiltInTypes.csproj", "{CB5500E8-D55C-4759-A77B-8D521FD85707}"
EndProject
Project("{FAE04EC0-301F-11D3-BF4B-00C04F79EFBC}") = "CommonOps", "CommonOps\CommonOps.csproj", "{D7449512-D7BF-4209-B81E-C4D34A0F09AB}"
EndProject
Project("{FAE04EC0-301F-11D3-BF4B-00C04F79EFBC}") = "NullableTypes", "NullableTypes\NullableTypes.csproj", "{78A21024-6F3B-445C-9CB7-D83193124BA7}"
EndProject
Project("{FAE04EC0-301F-11D3-BF4B-00C04F79EFBC}") = "DatatypesConversion", "DatatypesConversion\DatatypesConversion.csproj", "{BC5F7D9C-1131-442C-B80F-EBD10445AE5D}"
EndProject
Project("{FAE04EC0-301F-11D3-BF4B-00C04F79EFBC}") = "Arrays", "Arrays\Arrays.csproj", "{3737D263-2F2F-4826-BC0C-8BFA21787E93}"
EndProject
Project("{FAE04EC0-301F-11D3-BF4B-00C04F79EFBC}") = "Comments", "Comments\Comments.csproj", "{CA821AF6-B4AD-4759-9BF6-CA1EFE57D18F}"
EndProject
Project("{FAE04EC0-301F-11D3-BF4B-00C04F79EFBC}") = "IfStatements", "IfStatements\IfStatements.csproj", "{CFB5D18F-D4F4-4D43-9AD7-396D3E39A51A}"
EndProject
Project("{FAE04EC0-301F-11D3-BF4B-00C04F79EFBC}") = "SwitchStatements", "SwitchStatements\SwitchStatements.csproj", "{E5CD2A8E-FBAD-4348-A137-5B3FE37F8174}"
EndProject
Project("{FAE04EC0-301F-11D3-BF4B-00C04F79EFBC}") = "WhileLoop_doWhile", "WhileLoop\WhileLoop_doWhile.csproj", "{DBCD15A1-4B35-4590-8E59-523D56C72DC2}"
EndProject
Project("{FAE04EC0-301F-11D3-BF4B-00C04F79EFBC}") = "for_foreach_loops", "for_foreach_loops\for_foreach_loops.csproj", "{B527EF3E-7FC9-40AE-BFBF-594CDAF3324B}"
EndProject
Project("{FAE04EC0-301F-11D3-BF4B-00C04F79EFBC}") = "Methods", "Methods\Methods.csproj", "{D54CFD32-C07C-4694-9554-F59A58C751EF}"
EndProject
Project("{FAE04EC0-301F-11D3-BF4B-00C04F79EFBC}") = "MethodParam", "MethodParam\MethodParam.csproj", "{84233DB0-EAAB-4C23-BBAC-B630E34BB9BB}"
EndProject
Project("{FAE04EC0-301F-11D3-BF4B-00C04F79EFBC}") = "Namespaces", "Namespaces\Namespaces.csproj", "{7ABC06B0-095B-4AFC-B565-EEC2FA60E19E}"
EndProject
Project("{FAE04EC0-301F-11D3-BF4B-00C04F79EFBC}") = "ProjectA.TeamA", "ProjectA.TeamA\ProjectA.TeamA.csproj", "{05DFE7F0-AFAD-4C15-B5DB-E60DB3AE199B}"
EndProject
Project("{FAE04EC0-301F-11D3-BF4B-00C04F79EFBC}") = "ProjectA.TeamB", "ProjectA.TeamB\ProjectA.TeamB.csproj", "{C1D61FCE-CBE2-4692-A3B2-FA106DF2D30B}"
EndProject
Project("{FAE04EC0-301F-11D3-BF4B-00C04F79EFBC}") = "Classes", "Classes\Classes.csproj", "{D5546A6F-7F46-4B2D-9985-6A1C5BFF8C39}"
EndProject
Project("{FAE04EC0-301F-11D3-BF4B-00C04F79EFBC}") = "staticInstance", "ConsoleApp1\staticInstance.csproj", "{0CFC2804-8602-45EA-B0D2-BE6DCE956107}"
EndProject
Project("{FAE04EC0-301F-11D3-BF4B-00C04F79EFBC}") = "inheritance", "inheritance\inheritance.csproj", "{54072688-67E2-41A3-8E7B-FC1E7203C976}"
EndProject
Project("{FAE04EC0-301F-11D3-BF4B-00C04F79EFBC}") = "methodHiding", "methodHiding\methodHiding.csproj", "{ABFC5255-1672-4E4B-BC9A-EB55E58A1058}"
EndProject
Project("{FAE04EC0-301F-11D3-BF4B-00C04F79EFBC}") = "Polymorphism", "Polymorphism\Polymorphism.csproj", "{04622007-2F42-4B1B-AF55-A54F72EC8521}"
EndProject
Project("{FAE04EC0-301F-11D3-BF4B-00C04F79EFBC}") = "methodOverriding_hidingg", "methodOverriding_hidingg\methodOverriding_hidingg.csproj", "{112898BF-45FF-46C9-85F0-1A3373ED8A38}"
EndProject
Project("{FAE04EC0-301F-11D3-BF4B-00C04F79EFBC}") = "methodOverloading", "methodOverloading\methodOverloading.csproj", "{95928FFF-21E5-4113-99A3-33AD15BE3AE2}"
EndProject
Project("{FAE04EC0-301F-11D3-BF4B-00C04F79EFBC}") = "properties", "properties\properties.csproj", "{0863099F-9CA1-4349-83AD-55F751C1B1E7}"
EndProject
Project("{FAE04EC0-301F-11D3-BF4B-00C04F79EFBC}") = "properties2", "properties2\properties2.csproj", "{6B42AF4F-C111-414B-98DB-CBA1A976AEC6}"
EndProject
Project("{FAE04EC0-301F-11D3-BF4B-00C04F79EFBC}") = "structs", "structs\structs.csproj", "{1D25747D-C726-40E7-8C38-DA32F8BF2BA4}"
EndProject
Project("{FAE04EC0-301F-11D3-BF4B-00C04F79EFBC}") = "interfaces", "interfaces\interfaces.csproj", "{83112A5A-F2BA-4BB3-B5B3-7AFE6AF99EEE}"
EndProject
Project("{FAE04EC0-301F-11D3-BF4B-00C04F79EFBC}") = "explicitInterface", "explicitInterface\explicitInterface.csproj", "{6604B31C-73F4-4DBA-93C1-8675A078D2AE}"
EndProject
Project("{FAE04EC0-301F-11D3-BF4B-00C04F79EFBC}") = "abstractClasses", "abstractClasses\abstractClasses.csproj", "{657A4C21-8CC4-4054-8177-0E6A02EF8E54}"
EndProject
Project("{FAE04EC0-301F-11D3-BF4B-00C04F79EFBC}") = "multiClassInheritanceWithInterfaces", "multiClassInheritanceWithInterfaces\multiClassInheritanceWithInterfaces.csproj", "{738EA3CF-006F-4306-9E13-4AE5FF944817}"
EndProject
Project("{FAE04EC0-301F-11D3-BF4B-00C04F79EFBC}") = "delegates", "delegates\delegates.csproj", "{A717D610-FFC5-4E49-9C0C-42A83FEBB1F6}"
EndProject
Project("{FAE04EC0-301F-11D3-BF4B-00C04F79EFBC}") = "delegatesUsage", "delegatesUsage\delegatesUsage.csproj", "{FB1758FD-0D39-4F9E-ACC5-46EC563A9585}"
EndProject
Project("{FAE04EC0-301F-11D3-BF4B-00C04F79EFBC}") = "multicastDelegate", "multicastDelegate\multicastDelegate.csproj", "{CD8E35A0-E69D-40C2-A523-BEA47C11DF42}"
EndProject
Project("{FAE04EC0-301F-11D3-BF4B-00C04F79EFBC}") = "exceptionHandling", "exceptionHandling\exceptionHandling.csproj", "{11590842-E780-4297-91C3-9881A865EF7A}"
EndProject
Project("{FAE04EC0-301F-11D3-BF4B-00C04F79EFBC}") = "innerException", "innerException\innerException.csproj", "{2AE35E1E-8047-4268-8ACF-51B3B3757055}"
EndProject
Project("{FAE04EC0-301F-11D3-BF4B-00C04F79EFBC}") = "customExceptions", "customExceptions\customExceptions.csproj", "{F26C9554-B8F9-4E08-AF02-F2430B874D5F}"
EndProject
Project("{FAE04EC0-301F-11D3-BF4B-00C04F79EFBC}") = "exceptionHandlingAbuse", "exceptionHandlingAbuse\exceptionHandlingAbuse.csproj", "{23FD3CBA-D7DB-4638-B3B7-049B067D9163}"
EndProject
Project("{FAE04EC0-301F-11D3-BF4B-00C04F79EFBC}") = "enums", "enums\enums.csproj", "{F3159394-509B-46CC-B52A-1E61401FA9BA}"
EndProject
Project("{FAE04EC0-301F-11D3-BF4B-00C04F79EFBC}") = "enums2", "enums2\enums2.csproj", "{707957C1-48EA-4F82-9733-43777862313B}"
EndProject
Project("{FAE04EC0-301F-11D3-BF4B-00C04F79EFBC}") = "accessModifiers", "acessModifiers\accessModifiers.csproj", "{18ADBED4-CBDC-45DC-AAE4-F3320E186F61}"
EndProject
Project("{FAE04EC0-301F-11D3-BF4B-00C04F79EFBC}") = "assemblyTwo_accessModifiers", "assemblyTwo\assemblyTwo_accessModifiers.csproj", "{6C3CC844-33B4-4B2D-AEF4-A3BE56B48752}"
EndProject
Project("{FAE04EC0-301F-11D3-BF4B-00C04F79EFBC}") = "assemblyOne_accessModifiers", "assemblyOne\assemblyOne_accessModifiers.csproj", "{B2FE0C59-8A98-42D6-BBAE-51483BC2BD98}"
EndProject
Project("{FAE04EC0-301F-11D3-BF4B-00C04F79EFBC}") = "accessModifiersInternal", "accessModifiersInternal\accessModifiersInternal.csproj", "{320A62B4-D20A-4F71-8EA8-38814A400725}"
EndProject
Project("{FAE04EC0-301F-11D3-BF4B-00C04F79EFBC}") = "assemblyOne_accessModifiersInternal", "assemblyOne_accessModifiersInternal\assemblyOne_accessModifiersInternal.csproj", "{24D530BA-984A-4640-AE12-2BB18DA5CF48}"
EndProject
Project("{FAE04EC0-301F-11D3-BF4B-00C04F79EFBC}") = "assemblyTwo_accessModifiersInternal", "assemblyTwo_accessModifiersInternal\assemblyTwo_accessModifiersInternal.csproj", "{DDAE3E7C-2BBC-4D23-8EBE-1DB1C415D309}"
EndProject
Project("{FAE04EC0-301F-11D3-BF4B-00C04F79EFBC}") = "attributes", "attributes\attributes.csproj", "{11659C39-2F67-4C91-BDA9-50D76F352CBD}"
EndProject
Project("{FAE04EC0-301F-11D3-BF4B-00C04F79EFBC}") = "reflection", "reflection\reflection.csproj", "{2DCB5BB1-B400-4655-920C-3EF9B34DD480}"
EndProject
Project("{FAE04EC0-301F-11D3-BF4B-00C04F79EFBC}") = "Reflection Demo", "Reflection Demo\Reflection Demo.csproj", "{FBECFCA2-C906-4593-B4A5-7549B06EC23C}"
EndProject
Project("{FAE04EC0-301F-11D3-BF4B-00C04F79EFBC}") = "binding", "binding\binding.csproj", "{B4F4C441-9BE5-4A18-A429-AC1B6646463E}"
EndProject
Project("{FAE04EC0-301F-11D3-BF4B-00C04F79EFBC}") = "generics", "generics\generics.csproj", "{F20F8693-C76F-44E6-9380-AD5064A50395}"
EndProject
Project("{FAE04EC0-301F-11D3-BF4B-00C04F79EFBC}") = "ToString_Method", "ToString_Method\ToString_Method.csproj", "{33E3C1A0-122B-4A36-9685-2F8E77711B4C}"
EndProject
Project("{FAE04EC0-301F-11D3-BF4B-00C04F79EFBC}") = "Equals_Method", "Equals_Method\Equals_Method.csproj", "{E891BDB1-3CBF-44C3-8C75-715005D94824}"
EndProject
Global
	GlobalSection(SolutionConfigurationPlatforms) = preSolution
		Debug|Any CPU = Debug|Any CPU
		Release|Any CPU = Release|Any CPU
	EndGlobalSection
	GlobalSection(ProjectConfigurationPlatforms) = postSolution
		{61DF39C6-7D1A-4ADE-942D-DAC000C548AF}.Debug|Any CPU.ActiveCfg = Debug|Any CPU
		{61DF39C6-7D1A-4ADE-942D-DAC000C548AF}.Debug|Any CPU.Build.0 = Debug|Any CPU
		{61DF39C6-7D1A-4ADE-942D-DAC000C548AF}.Release|Any CPU.ActiveCfg = Release|Any CPU
		{61DF39C6-7D1A-4ADE-942D-DAC000C548AF}.Release|Any CPU.Build.0 = Release|Any CPU
		{FE6ABDF2-B21C-4CBB-B2EA-15FD722EA586}.Debug|Any CPU.ActiveCfg = Debug|Any CPU
		{FE6ABDF2-B21C-4CBB-B2EA-15FD722EA586}.Debug|Any CPU.Build.0 = Debug|Any CPU
		{FE6ABDF2-B21C-4CBB-B2EA-15FD722EA586}.Release|Any CPU.ActiveCfg = Release|Any CPU
		{FE6ABDF2-B21C-4CBB-B2EA-15FD722EA586}.Release|Any CPU.Build.0 = Release|Any CPU
		{CB5500E8-D55C-4759-A77B-8D521FD85707}.Debug|Any CPU.ActiveCfg = Debug|Any CPU
		{CB5500E8-D55C-4759-A77B-8D521FD85707}.Debug|Any CPU.Build.0 = Debug|Any CPU
		{CB5500E8-D55C-4759-A77B-8D521FD85707}.Release|Any CPU.ActiveCfg = Release|Any CPU
		{CB5500E8-D55C-4759-A77B-8D521FD85707}.Release|Any CPU.Build.0 = Release|Any CPU
		{D7449512-D7BF-4209-B81E-C4D34A0F09AB}.Debug|Any CPU.ActiveCfg = Debug|Any CPU
		{D7449512-D7BF-4209-B81E-C4D34A0F09AB}.Debug|Any CPU.Build.0 = Debug|Any CPU
		{D7449512-D7BF-4209-B81E-C4D34A0F09AB}.Release|Any CPU.ActiveCfg = Release|Any CPU
		{D7449512-D7BF-4209-B81E-C4D34A0F09AB}.Release|Any CPU.Build.0 = Release|Any CPU
		{78A21024-6F3B-445C-9CB7-D83193124BA7}.Debug|Any CPU.ActiveCfg = Debug|Any CPU
		{78A21024-6F3B-445C-9CB7-D83193124BA7}.Debug|Any CPU.Build.0 = Debug|Any CPU
		{78A21024-6F3B-445C-9CB7-D83193124BA7}.Release|Any CPU.ActiveCfg = Release|Any CPU
		{78A21024-6F3B-445C-9CB7-D83193124BA7}.Release|Any CPU.Build.0 = Release|Any CPU
		{BC5F7D9C-1131-442C-B80F-EBD10445AE5D}.Debug|Any CPU.ActiveCfg = Debug|Any CPU
		{BC5F7D9C-1131-442C-B80F-EBD10445AE5D}.Debug|Any CPU.Build.0 = Debug|Any CPU
		{BC5F7D9C-1131-442C-B80F-EBD10445AE5D}.Release|Any CPU.ActiveCfg = Release|Any CPU
		{BC5F7D9C-1131-442C-B80F-EBD10445AE5D}.Release|Any CPU.Build.0 = Release|Any CPU
		{3737D263-2F2F-4826-BC0C-8BFA21787E93}.Debug|Any CPU.ActiveCfg = Debug|Any CPU
		{3737D263-2F2F-4826-BC0C-8BFA21787E93}.Debug|Any CPU.Build.0 = Debug|Any CPU
		{3737D263-2F2F-4826-BC0C-8BFA21787E93}.Release|Any CPU.ActiveCfg = Release|Any CPU
		{3737D263-2F2F-4826-BC0C-8BFA21787E93}.Release|Any CPU.Build.0 = Release|Any CPU
		{CA821AF6-B4AD-4759-9BF6-CA1EFE57D18F}.Debug|Any CPU.ActiveCfg = Debug|Any CPU
		{CA821AF6-B4AD-4759-9BF6-CA1EFE57D18F}.Debug|Any CPU.Build.0 = Debug|Any CPU
		{CA821AF6-B4AD-4759-9BF6-CA1EFE57D18F}.Release|Any CPU.ActiveCfg = Release|Any CPU
		{CA821AF6-B4AD-4759-9BF6-CA1EFE57D18F}.Release|Any CPU.Build.0 = Release|Any CPU
		{CFB5D18F-D4F4-4D43-9AD7-396D3E39A51A}.Debug|Any CPU.ActiveCfg = Debug|Any CPU
		{CFB5D18F-D4F4-4D43-9AD7-396D3E39A51A}.Debug|Any CPU.Build.0 = Debug|Any CPU
		{CFB5D18F-D4F4-4D43-9AD7-396D3E39A51A}.Release|Any CPU.ActiveCfg = Release|Any CPU
		{CFB5D18F-D4F4-4D43-9AD7-396D3E39A51A}.Release|Any CPU.Build.0 = Release|Any CPU
		{E5CD2A8E-FBAD-4348-A137-5B3FE37F8174}.Debug|Any CPU.ActiveCfg = Debug|Any CPU
		{E5CD2A8E-FBAD-4348-A137-5B3FE37F8174}.Debug|Any CPU.Build.0 = Debug|Any CPU
		{E5CD2A8E-FBAD-4348-A137-5B3FE37F8174}.Release|Any CPU.ActiveCfg = Release|Any CPU
		{E5CD2A8E-FBAD-4348-A137-5B3FE37F8174}.Release|Any CPU.Build.0 = Release|Any CPU
		{DBCD15A1-4B35-4590-8E59-523D56C72DC2}.Debug|Any CPU.ActiveCfg = Debug|Any CPU
		{DBCD15A1-4B35-4590-8E59-523D56C72DC2}.Debug|Any CPU.Build.0 = Debug|Any CPU
		{DBCD15A1-4B35-4590-8E59-523D56C72DC2}.Release|Any CPU.ActiveCfg = Release|Any CPU
		{DBCD15A1-4B35-4590-8E59-523D56C72DC2}.Release|Any CPU.Build.0 = Release|Any CPU
		{B527EF3E-7FC9-40AE-BFBF-594CDAF3324B}.Debug|Any CPU.ActiveCfg = Debug|Any CPU
		{B527EF3E-7FC9-40AE-BFBF-594CDAF3324B}.Debug|Any CPU.Build.0 = Debug|Any CPU
		{B527EF3E-7FC9-40AE-BFBF-594CDAF3324B}.Release|Any CPU.ActiveCfg = Release|Any CPU
		{B527EF3E-7FC9-40AE-BFBF-594CDAF3324B}.Release|Any CPU.Build.0 = Release|Any CPU
		{D54CFD32-C07C-4694-9554-F59A58C751EF}.Debug|Any CPU.ActiveCfg = Debug|Any CPU
		{D54CFD32-C07C-4694-9554-F59A58C751EF}.Debug|Any CPU.Build.0 = Debug|Any CPU
		{D54CFD32-C07C-4694-9554-F59A58C751EF}.Release|Any CPU.ActiveCfg = Release|Any CPU
		{D54CFD32-C07C-4694-9554-F59A58C751EF}.Release|Any CPU.Build.0 = Release|Any CPU
		{84233DB0-EAAB-4C23-BBAC-B630E34BB9BB}.Debug|Any CPU.ActiveCfg = Debug|Any CPU
		{84233DB0-EAAB-4C23-BBAC-B630E34BB9BB}.Debug|Any CPU.Build.0 = Debug|Any CPU
		{84233DB0-EAAB-4C23-BBAC-B630E34BB9BB}.Release|Any CPU.ActiveCfg = Release|Any CPU
		{84233DB0-EAAB-4C23-BBAC-B630E34BB9BB}.Release|Any CPU.Build.0 = Release|Any CPU
		{7ABC06B0-095B-4AFC-B565-EEC2FA60E19E}.Debug|Any CPU.ActiveCfg = Debug|Any CPU
		{7ABC06B0-095B-4AFC-B565-EEC2FA60E19E}.Debug|Any CPU.Build.0 = Debug|Any CPU
		{7ABC06B0-095B-4AFC-B565-EEC2FA60E19E}.Release|Any CPU.ActiveCfg = Release|Any CPU
		{7ABC06B0-095B-4AFC-B565-EEC2FA60E19E}.Release|Any CPU.Build.0 = Release|Any CPU
		{05DFE7F0-AFAD-4C15-B5DB-E60DB3AE199B}.Debug|Any CPU.ActiveCfg = Debug|Any CPU
		{05DFE7F0-AFAD-4C15-B5DB-E60DB3AE199B}.Debug|Any CPU.Build.0 = Debug|Any CPU
		{05DFE7F0-AFAD-4C15-B5DB-E60DB3AE199B}.Release|Any CPU.ActiveCfg = Release|Any CPU
		{05DFE7F0-AFAD-4C15-B5DB-E60DB3AE199B}.Release|Any CPU.Build.0 = Release|Any CPU
		{C1D61FCE-CBE2-4692-A3B2-FA106DF2D30B}.Debug|Any CPU.ActiveCfg = Debug|Any CPU
		{C1D61FCE-CBE2-4692-A3B2-FA106DF2D30B}.Debug|Any CPU.Build.0 = Debug|Any CPU
		{C1D61FCE-CBE2-4692-A3B2-FA106DF2D30B}.Release|Any CPU.ActiveCfg = Release|Any CPU
		{C1D61FCE-CBE2-4692-A3B2-FA106DF2D30B}.Release|Any CPU.Build.0 = Release|Any CPU
		{D5546A6F-7F46-4B2D-9985-6A1C5BFF8C39}.Debug|Any CPU.ActiveCfg = Debug|Any CPU
		{D5546A6F-7F46-4B2D-9985-6A1C5BFF8C39}.Debug|Any CPU.Build.0 = Debug|Any CPU
		{D5546A6F-7F46-4B2D-9985-6A1C5BFF8C39}.Release|Any CPU.ActiveCfg = Release|Any CPU
		{D5546A6F-7F46-4B2D-9985-6A1C5BFF8C39}.Release|Any CPU.Build.0 = Release|Any CPU
		{0CFC2804-8602-45EA-B0D2-BE6DCE956107}.Debug|Any CPU.ActiveCfg = Debug|Any CPU
		{0CFC2804-8602-45EA-B0D2-BE6DCE956107}.Debug|Any CPU.Build.0 = Debug|Any CPU
		{0CFC2804-8602-45EA-B0D2-BE6DCE956107}.Release|Any CPU.ActiveCfg = Release|Any CPU
		{0CFC2804-8602-45EA-B0D2-BE6DCE956107}.Release|Any CPU.Build.0 = Release|Any CPU
		{54072688-67E2-41A3-8E7B-FC1E7203C976}.Debug|Any CPU.ActiveCfg = Debug|Any CPU
		{54072688-67E2-41A3-8E7B-FC1E7203C976}.Debug|Any CPU.Build.0 = Debug|Any CPU
		{54072688-67E2-41A3-8E7B-FC1E7203C976}.Release|Any CPU.ActiveCfg = Release|Any CPU
		{54072688-67E2-41A3-8E7B-FC1E7203C976}.Release|Any CPU.Build.0 = Release|Any CPU
		{ABFC5255-1672-4E4B-BC9A-EB55E58A1058}.Debug|Any CPU.ActiveCfg = Debug|Any CPU
		{ABFC5255-1672-4E4B-BC9A-EB55E58A1058}.Debug|Any CPU.Build.0 = Debug|Any CPU
		{ABFC5255-1672-4E4B-BC9A-EB55E58A1058}.Release|Any CPU.ActiveCfg = Release|Any CPU
		{ABFC5255-1672-4E4B-BC9A-EB55E58A1058}.Release|Any CPU.Build.0 = Release|Any CPU
		{04622007-2F42-4B1B-AF55-A54F72EC8521}.Debug|Any CPU.ActiveCfg = Debug|Any CPU
		{04622007-2F42-4B1B-AF55-A54F72EC8521}.Debug|Any CPU.Build.0 = Debug|Any CPU
		{04622007-2F42-4B1B-AF55-A54F72EC8521}.Release|Any CPU.ActiveCfg = Release|Any CPU
		{04622007-2F42-4B1B-AF55-A54F72EC8521}.Release|Any CPU.Build.0 = Release|Any CPU
		{112898BF-45FF-46C9-85F0-1A3373ED8A38}.Debug|Any CPU.ActiveCfg = Debug|Any CPU
		{112898BF-45FF-46C9-85F0-1A3373ED8A38}.Debug|Any CPU.Build.0 = Debug|Any CPU
		{112898BF-45FF-46C9-85F0-1A3373ED8A38}.Release|Any CPU.ActiveCfg = Release|Any CPU
		{112898BF-45FF-46C9-85F0-1A3373ED8A38}.Release|Any CPU.Build.0 = Release|Any CPU
		{95928FFF-21E5-4113-99A3-33AD15BE3AE2}.Debug|Any CPU.ActiveCfg = Debug|Any CPU
		{95928FFF-21E5-4113-99A3-33AD15BE3AE2}.Debug|Any CPU.Build.0 = Debug|Any CPU
		{95928FFF-21E5-4113-99A3-33AD15BE3AE2}.Release|Any CPU.ActiveCfg = Release|Any CPU
		{95928FFF-21E5-4113-99A3-33AD15BE3AE2}.Release|Any CPU.Build.0 = Release|Any CPU
		{0863099F-9CA1-4349-83AD-55F751C1B1E7}.Debug|Any CPU.ActiveCfg = Debug|Any CPU
		{0863099F-9CA1-4349-83AD-55F751C1B1E7}.Debug|Any CPU.Build.0 = Debug|Any CPU
		{0863099F-9CA1-4349-83AD-55F751C1B1E7}.Release|Any CPU.ActiveCfg = Release|Any CPU
		{0863099F-9CA1-4349-83AD-55F751C1B1E7}.Release|Any CPU.Build.0 = Release|Any CPU
		{6B42AF4F-C111-414B-98DB-CBA1A976AEC6}.Debug|Any CPU.ActiveCfg = Debug|Any CPU
		{6B42AF4F-C111-414B-98DB-CBA1A976AEC6}.Debug|Any CPU.Build.0 = Debug|Any CPU
		{6B42AF4F-C111-414B-98DB-CBA1A976AEC6}.Release|Any CPU.ActiveCfg = Release|Any CPU
		{6B42AF4F-C111-414B-98DB-CBA1A976AEC6}.Release|Any CPU.Build.0 = Release|Any CPU
		{1D25747D-C726-40E7-8C38-DA32F8BF2BA4}.Debug|Any CPU.ActiveCfg = Debug|Any CPU
		{1D25747D-C726-40E7-8C38-DA32F8BF2BA4}.Debug|Any CPU.Build.0 = Debug|Any CPU
		{1D25747D-C726-40E7-8C38-DA32F8BF2BA4}.Release|Any CPU.ActiveCfg = Release|Any CPU
		{1D25747D-C726-40E7-8C38-DA32F8BF2BA4}.Release|Any CPU.Build.0 = Release|Any CPU
		{83112A5A-F2BA-4BB3-B5B3-7AFE6AF99EEE}.Debug|Any CPU.ActiveCfg = Debug|Any CPU
		{83112A5A-F2BA-4BB3-B5B3-7AFE6AF99EEE}.Debug|Any CPU.Build.0 = Debug|Any CPU
		{83112A5A-F2BA-4BB3-B5B3-7AFE6AF99EEE}.Release|Any CPU.ActiveCfg = Release|Any CPU
		{83112A5A-F2BA-4BB3-B5B3-7AFE6AF99EEE}.Release|Any CPU.Build.0 = Release|Any CPU
		{6604B31C-73F4-4DBA-93C1-8675A078D2AE}.Debug|Any CPU.ActiveCfg = Debug|Any CPU
		{6604B31C-73F4-4DBA-93C1-8675A078D2AE}.Debug|Any CPU.Build.0 = Debug|Any CPU
		{6604B31C-73F4-4DBA-93C1-8675A078D2AE}.Release|Any CPU.ActiveCfg = Release|Any CPU
		{6604B31C-73F4-4DBA-93C1-8675A078D2AE}.Release|Any CPU.Build.0 = Release|Any CPU
		{657A4C21-8CC4-4054-8177-0E6A02EF8E54}.Debug|Any CPU.ActiveCfg = Debug|Any CPU
		{657A4C21-8CC4-4054-8177-0E6A02EF8E54}.Debug|Any CPU.Build.0 = Debug|Any CPU
		{657A4C21-8CC4-4054-8177-0E6A02EF8E54}.Release|Any CPU.ActiveCfg = Release|Any CPU
		{657A4C21-8CC4-4054-8177-0E6A02EF8E54}.Release|Any CPU.Build.0 = Release|Any CPU
		{738EA3CF-006F-4306-9E13-4AE5FF944817}.Debug|Any CPU.ActiveCfg = Debug|Any CPU
		{738EA3CF-006F-4306-9E13-4AE5FF944817}.Debug|Any CPU.Build.0 = Debug|Any CPU
		{738EA3CF-006F-4306-9E13-4AE5FF944817}.Release|Any CPU.ActiveCfg = Release|Any CPU
		{738EA3CF-006F-4306-9E13-4AE5FF944817}.Release|Any CPU.Build.0 = Release|Any CPU
		{A717D610-FFC5-4E49-9C0C-42A83FEBB1F6}.Debug|Any CPU.ActiveCfg = Debug|Any CPU
		{A717D610-FFC5-4E49-9C0C-42A83FEBB1F6}.Debug|Any CPU.Build.0 = Debug|Any CPU
		{A717D610-FFC5-4E49-9C0C-42A83FEBB1F6}.Release|Any CPU.ActiveCfg = Release|Any CPU
		{A717D610-FFC5-4E49-9C0C-42A83FEBB1F6}.Release|Any CPU.Build.0 = Release|Any CPU
		{FB1758FD-0D39-4F9E-ACC5-46EC563A9585}.Debug|Any CPU.ActiveCfg = Debug|Any CPU
		{FB1758FD-0D39-4F9E-ACC5-46EC563A9585}.Debug|Any CPU.Build.0 = Debug|Any CPU
		{FB1758FD-0D39-4F9E-ACC5-46EC563A9585}.Release|Any CPU.ActiveCfg = Release|Any CPU
		{FB1758FD-0D39-4F9E-ACC5-46EC563A9585}.Release|Any CPU.Build.0 = Release|Any CPU
		{CD8E35A0-E69D-40C2-A523-BEA47C11DF42}.Debug|Any CPU.ActiveCfg = Debug|Any CPU
		{CD8E35A0-E69D-40C2-A523-BEA47C11DF42}.Debug|Any CPU.Build.0 = Debug|Any CPU
		{CD8E35A0-E69D-40C2-A523-BEA47C11DF42}.Release|Any CPU.ActiveCfg = Release|Any CPU
		{CD8E35A0-E69D-40C2-A523-BEA47C11DF42}.Release|Any CPU.Build.0 = Release|Any CPU
		{11590842-E780-4297-91C3-9881A865EF7A}.Debug|Any CPU.ActiveCfg = Debug|Any CPU
		{11590842-E780-4297-91C3-9881A865EF7A}.Debug|Any CPU.Build.0 = Debug|Any CPU
		{11590842-E780-4297-91C3-9881A865EF7A}.Release|Any CPU.ActiveCfg = Release|Any CPU
		{11590842-E780-4297-91C3-9881A865EF7A}.Release|Any CPU.Build.0 = Release|Any CPU
		{2AE35E1E-8047-4268-8ACF-51B3B3757055}.Debug|Any CPU.ActiveCfg = Debug|Any CPU
		{2AE35E1E-8047-4268-8ACF-51B3B3757055}.Debug|Any CPU.Build.0 = Debug|Any CPU
		{2AE35E1E-8047-4268-8ACF-51B3B3757055}.Release|Any CPU.ActiveCfg = Release|Any CPU
		{2AE35E1E-8047-4268-8ACF-51B3B3757055}.Release|Any CPU.Build.0 = Release|Any CPU
		{F26C9554-B8F9-4E08-AF02-F2430B874D5F}.Debug|Any CPU.ActiveCfg = Debug|Any CPU
		{F26C9554-B8F9-4E08-AF02-F2430B874D5F}.Debug|Any CPU.Build.0 = Debug|Any CPU
		{F26C9554-B8F9-4E08-AF02-F2430B874D5F}.Release|Any CPU.ActiveCfg = Release|Any CPU
		{F26C9554-B8F9-4E08-AF02-F2430B874D5F}.Release|Any CPU.Build.0 = Release|Any CPU
		{23FD3CBA-D7DB-4638-B3B7-049B067D9163}.Debug|Any CPU.ActiveCfg = Debug|Any CPU
		{23FD3CBA-D7DB-4638-B3B7-049B067D9163}.Debug|Any CPU.Build.0 = Debug|Any CPU
		{23FD3CBA-D7DB-4638-B3B7-049B067D9163}.Release|Any CPU.ActiveCfg = Release|Any CPU
		{23FD3CBA-D7DB-4638-B3B7-049B067D9163}.Release|Any CPU.Build.0 = Release|Any CPU
		{F3159394-509B-46CC-B52A-1E61401FA9BA}.Debug|Any CPU.ActiveCfg = Debug|Any CPU
		{F3159394-509B-46CC-B52A-1E61401FA9BA}.Debug|Any CPU.Build.0 = Debug|Any CPU
		{F3159394-509B-46CC-B52A-1E61401FA9BA}.Release|Any CPU.ActiveCfg = Release|Any CPU
		{F3159394-509B-46CC-B52A-1E61401FA9BA}.Release|Any CPU.Build.0 = Release|Any CPU
		{707957C1-48EA-4F82-9733-43777862313B}.Debug|Any CPU.ActiveCfg = Debug|Any CPU
		{707957C1-48EA-4F82-9733-43777862313B}.Debug|Any CPU.Build.0 = Debug|Any CPU
		{707957C1-48EA-4F82-9733-43777862313B}.Release|Any CPU.ActiveCfg = Release|Any CPU
		{707957C1-48EA-4F82-9733-43777862313B}.Release|Any CPU.Build.0 = Release|Any CPU
		{18ADBED4-CBDC-45DC-AAE4-F3320E186F61}.Debug|Any CPU.ActiveCfg = Debug|Any CPU
		{18ADBED4-CBDC-45DC-AAE4-F3320E186F61}.Debug|Any CPU.Build.0 = Debug|Any CPU
		{18ADBED4-CBDC-45DC-AAE4-F3320E186F61}.Release|Any CPU.ActiveCfg = Release|Any CPU
		{18ADBED4-CBDC-45DC-AAE4-F3320E186F61}.Release|Any CPU.Build.0 = Release|Any CPU
		{6C3CC844-33B4-4B2D-AEF4-A3BE56B48752}.Debug|Any CPU.ActiveCfg = Debug|Any CPU
		{6C3CC844-33B4-4B2D-AEF4-A3BE56B48752}.Debug|Any CPU.Build.0 = Debug|Any CPU
		{6C3CC844-33B4-4B2D-AEF4-A3BE56B48752}.Release|Any CPU.ActiveCfg = Release|Any CPU
		{6C3CC844-33B4-4B2D-AEF4-A3BE56B48752}.Release|Any CPU.Build.0 = Release|Any CPU
		{B2FE0C59-8A98-42D6-BBAE-51483BC2BD98}.Debug|Any CPU.ActiveCfg = Debug|Any CPU
		{B2FE0C59-8A98-42D6-BBAE-51483BC2BD98}.Debug|Any CPU.Build.0 = Debug|Any CPU
		{B2FE0C59-8A98-42D6-BBAE-51483BC2BD98}.Release|Any CPU.ActiveCfg = Release|Any CPU
		{B2FE0C59-8A98-42D6-BBAE-51483BC2BD98}.Release|Any CPU.Build.0 = Release|Any CPU
		{320A62B4-D20A-4F71-8EA8-38814A400725}.Debug|Any CPU.ActiveCfg = Debug|Any CPU
		{320A62B4-D20A-4F71-8EA8-38814A400725}.Debug|Any CPU.Build.0 = Debug|Any CPU
		{320A62B4-D20A-4F71-8EA8-38814A400725}.Release|Any CPU.ActiveCfg = Release|Any CPU
		{320A62B4-D20A-4F71-8EA8-38814A400725}.Release|Any CPU.Build.0 = Release|Any CPU
		{24D530BA-984A-4640-AE12-2BB18DA5CF48}.Debug|Any CPU.ActiveCfg = Debug|Any CPU
		{24D530BA-984A-4640-AE12-2BB18DA5CF48}.Debug|Any CPU.Build.0 = Debug|Any CPU
		{24D530BA-984A-4640-AE12-2BB18DA5CF48}.Release|Any CPU.ActiveCfg = Release|Any CPU
		{24D530BA-984A-4640-AE12-2BB18DA5CF48}.Release|Any CPU.Build.0 = Release|Any CPU
		{DDAE3E7C-2BBC-4D23-8EBE-1DB1C415D309}.Debug|Any CPU.ActiveCfg = Debug|Any CPU
		{DDAE3E7C-2BBC-4D23-8EBE-1DB1C415D309}.Debug|Any CPU.Build.0 = Debug|Any CPU
		{DDAE3E7C-2BBC-4D23-8EBE-1DB1C415D309}.Release|Any CPU.ActiveCfg = Release|Any CPU
		{DDAE3E7C-2BBC-4D23-8EBE-1DB1C415D309}.Release|Any CPU.Build.0 = Release|Any CPU
		{11659C39-2F67-4C91-BDA9-50D76F352CBD}.Debug|Any CPU.ActiveCfg = Debug|Any CPU
		{11659C39-2F67-4C91-BDA9-50D76F352CBD}.Debug|Any CPU.Build.0 = Debug|Any CPU
		{11659C39-2F67-4C91-BDA9-50D76F352CBD}.Release|Any CPU.ActiveCfg = Release|Any CPU
		{11659C39-2F67-4C91-BDA9-50D76F352CBD}.Release|Any CPU.Build.0 = Release|Any CPU
		{2DCB5BB1-B400-4655-920C-3EF9B34DD480}.Debug|Any CPU.ActiveCfg = Debug|Any CPU
		{2DCB5BB1-B400-4655-920C-3EF9B34DD480}.Debug|Any CPU.Build.0 = Debug|Any CPU
		{2DCB5BB1-B400-4655-920C-3EF9B34DD480}.Release|Any CPU.ActiveCfg = Release|Any CPU
		{2DCB5BB1-B400-4655-920C-3EF9B34DD480}.Release|Any CPU.Build.0 = Release|Any CPU
		{FBECFCA2-C906-4593-B4A5-7549B06EC23C}.Debug|Any CPU.ActiveCfg = Debug|Any CPU
		{FBECFCA2-C906-4593-B4A5-7549B06EC23C}.Debug|Any CPU.Build.0 = Debug|Any CPU
		{FBECFCA2-C906-4593-B4A5-7549B06EC23C}.Release|Any CPU.ActiveCfg = Release|Any CPU
		{FBECFCA2-C906-4593-B4A5-7549B06EC23C}.Release|Any CPU.Build.0 = Release|Any CPU
		{B4F4C441-9BE5-4A18-A429-AC1B6646463E}.Debug|Any CPU.ActiveCfg = Debug|Any CPU
		{B4F4C441-9BE5-4A18-A429-AC1B6646463E}.Debug|Any CPU.Build.0 = Debug|Any CPU
		{B4F4C441-9BE5-4A18-A429-AC1B6646463E}.Release|Any CPU.ActiveCfg = Release|Any CPU
		{B4F4C441-9BE5-4A18-A429-AC1B6646463E}.Release|Any CPU.Build.0 = Release|Any CPU
		{F20F8693-C76F-44E6-9380-AD5064A50395}.Debug|Any CPU.ActiveCfg = Debug|Any CPU
		{F20F8693-C76F-44E6-9380-AD5064A50395}.Debug|Any CPU.Build.0 = Debug|Any CPU
		{F20F8693-C76F-44E6-9380-AD5064A50395}.Release|Any CPU.ActiveCfg = Release|Any CPU
		{F20F8693-C76F-44E6-9380-AD5064A50395}.Release|Any CPU.Build.0 = Release|Any CPU
		{33E3C1A0-122B-4A36-9685-2F8E77711B4C}.Debug|Any CPU.ActiveCfg = Debug|Any CPU
		{33E3C1A0-122B-4A36-9685-2F8E77711B4C}.Debug|Any CPU.Build.0 = Debug|Any CPU
		{33E3C1A0-122B-4A36-9685-2F8E77711B4C}.Release|Any CPU.ActiveCfg = Release|Any CPU
		{33E3C1A0-122B-4A36-9685-2F8E77711B4C}.Release|Any CPU.Build.0 = Release|Any CPU
		{E891BDB1-3CBF-44C3-8C75-715005D94824}.Debug|Any CPU.ActiveCfg = Debug|Any CPU
		{E891BDB1-3CBF-44C3-8C75-715005D94824}.Debug|Any CPU.Build.0 = Debug|Any CPU
		{E891BDB1-3CBF-44C3-8C75-715005D94824}.Release|Any CPU.ActiveCfg = Release|Any CPU
		{E891BDB1-3CBF-44C3-8C75-715005D94824}.Release|Any CPU.Build.0 = Release|Any CPU
	EndGlobalSection
	GlobalSection(SolutionProperties) = preSolution
		HideSolutionNode = FALSE
	EndGlobalSection
	GlobalSection(ExtensibilityGlobals) = postSolution
		SolutionGuid = {288DF7AC-8B51-4BB8-A92A-9C58A5A19D75}
	EndGlobalSection
EndGlobal
